// !$*UTF8*$!
{
	archiveVersion = 1;
	classes = {
	};
	objectVersion = 48;
	objects = {

/* Begin PBXBuildFile section */
		4B89ED282022EB2C0069CA8A /* AppDelegate.swift in Sources */ = {isa = PBXBuildFile; fileRef = 4B89ED272022EB2C0069CA8A /* AppDelegate.swift */; };
		4B89ED2A2022EB2C0069CA8A /* ViewController.swift in Sources */ = {isa = PBXBuildFile; fileRef = 4B89ED292022EB2C0069CA8A /* ViewController.swift */; };
		4B89ED2D2022EB2C0069CA8A /* Main.storyboard in Resources */ = {isa = PBXBuildFile; fileRef = 4B89ED2B2022EB2C0069CA8A /* Main.storyboard */; };
		4B89ED2F2022EB2C0069CA8A /* Assets.xcassets in Resources */ = {isa = PBXBuildFile; fileRef = 4B89ED2E2022EB2C0069CA8A /* Assets.xcassets */; };
		4B89ED322022EB2C0069CA8A /* LaunchScreen.storyboard in Resources */ = {isa = PBXBuildFile; fileRef = 4B89ED302022EB2C0069CA8A /* LaunchScreen.storyboard */; };
		4B89ED3D2022EB2C0069CA8A /* TipTipTests.swift in Sources */ = {isa = PBXBuildFile; fileRef = 4B89ED3C2022EB2C0069CA8A /* TipTipTests.swift */; };
		4B89ED482022EB2C0069CA8A /* TipTipUITests.swift in Sources */ = {isa = PBXBuildFile; fileRef = 4B89ED472022EB2C0069CA8A /* TipTipUITests.swift */; };
/* End PBXBuildFile section */

/* Begin PBXContainerItemProxy section */
		4B89ED392022EB2C0069CA8A /* PBXContainerItemProxy */ = {
			isa = PBXContainerItemProxy;
			containerPortal = 4B89ED1C2022EB2C0069CA8A /* Project object */;
			proxyType = 1;
			remoteGlobalIDString = 4B89ED232022EB2C0069CA8A;
			remoteInfo = TipTip;
		};
		4B89ED442022EB2C0069CA8A /* PBXContainerItemProxy */ = {
			isa = PBXContainerItemProxy;
			containerPortal = 4B89ED1C2022EB2C0069CA8A /* Project object */;
			proxyType = 1;
			remoteGlobalIDString = 4B89ED232022EB2C0069CA8A;
			remoteInfo = TipTip;
		};
/* End PBXContainerItemProxy section */

/* Begin PBXFileReference section */
		4B89ED242022EB2C0069CA8A /* TipTip.app */ = {isa = PBXFileReference; explicitFileType = wrapper.application; includeInIndex = 0; path = TipTip.app; sourceTree = BUILT_PRODUCTS_DIR; };
		4B89ED272022EB2C0069CA8A /* AppDelegate.swift */ = {isa = PBXFileReference; lastKnownFileType = sourcecode.swift; path = AppDelegate.swift; sourceTree = "<group>"; };
		4B89ED292022EB2C0069CA8A /* ViewController.swift */ = {isa = PBXFileReference; lastKnownFileType = sourcecode.swift; path = ViewController.swift; sourceTree = "<group>"; };
		4B89ED2C2022EB2C0069CA8A /* Base */ = {isa = PBXFileReference; lastKnownFileType = file.storyboard; name = Base; path = Base.lproj/Main.storyboard; sourceTree = "<group>"; };
		4B89ED2E2022EB2C0069CA8A /* Assets.xcassets */ = {isa = PBXFileReference; lastKnownFileType = folder.assetcatalog; path = Assets.xcassets; sourceTree = "<group>"; };
		4B89ED312022EB2C0069CA8A /* Base */ = {isa = PBXFileReference; lastKnownFileType = file.storyboard; name = Base; path = Base.lproj/LaunchScreen.storyboard; sourceTree = "<group>"; };
		4B89ED332022EB2C0069CA8A /* Info.plist */ = {isa = PBXFileReference; lastKnownFileType = text.plist.xml; path = Info.plist; sourceTree = "<group>"; };
		4B89ED382022EB2C0069CA8A /* TipTipTests.xctest */ = {isa = PBXFileReference; explicitFileType = wrapper.cfbundle; includeInIndex = 0; path = TipTipTests.xctest; sourceTree = BUILT_PRODUCTS_DIR; };
		4B89ED3C2022EB2C0069CA8A /* TipTipTests.swift */ = {isa = PBXFileReference; lastKnownFileType = sourcecode.swift; path = TipTipTests.swift; sourceTree = "<group>"; };
		4B89ED3E2022EB2C0069CA8A /* Info.plist */ = {isa = PBXFileReference; lastKnownFileType = text.plist.xml; path = Info.plist; sourceTree = "<group>"; };
		4B89ED432022EB2C0069CA8A /* TipTipUITests.xctest */ = {isa = PBXFileReference; explicitFileType = wrapper.cfbundle; includeInIndex = 0; path = TipTipUITests.xctest; sourceTree = BUILT_PRODUCTS_DIR; };
		4B89ED472022EB2C0069CA8A /* TipTipUITests.swift */ = {isa = PBXFileReference; lastKnownFileType = sourcecode.swift; path = TipTipUITests.swift; sourceTree = "<group>"; };
		4B89ED492022EB2C0069CA8A /* Info.plist */ = {isa = PBXFileReference; lastKnownFileType = text.plist.xml; path = Info.plist; sourceTree = "<group>"; };
/* End PBXFileReference section */

/* Begin PBXFrameworksBuildPhase section */
		4B89ED212022EB2C0069CA8A /* Frameworks */ = {
			isa = PBXFrameworksBuildPhase;
			buildActionMask = 2147483647;
			files = (
			);
			runOnlyForDeploymentPostprocessing = 0;
		};
		4B89ED352022EB2C0069CA8A /* Frameworks */ = {
			isa = PBXFrameworksBuildPhase;
			buildActionMask = 2147483647;
			files = (
			);
			runOnlyForDeploymentPostprocessing = 0;
		};
		4B89ED402022EB2C0069CA8A /* Frameworks */ = {
			isa = PBXFrameworksBuildPhase;
			buildActionMask = 2147483647;
			files = (
			);
			runOnlyForDeploymentPostprocessing = 0;
		};
/* End PBXFrameworksBuildPhase section */

/* Begin PBXGroup section */
		4B89ED1B2022EB2B0069CA8A = {
			isa = PBXGroup;
			children = (
				4B89ED262022EB2C0069CA8A /* TipTip */,
				4B89ED3B2022EB2C0069CA8A /* TipTipTests */,
				4B89ED462022EB2C0069CA8A /* TipTipUITests */,
				4B89ED252022EB2C0069CA8A /* Products */,
			);
			sourceTree = "<group>";
		};
		4B89ED252022EB2C0069CA8A /* Products */ = {
			isa = PBXGroup;
			children = (
				4B89ED242022EB2C0069CA8A /* TipTip.app */,
				4B89ED382022EB2C0069CA8A /* TipTipTests.xctest */,
				4B89ED432022EB2C0069CA8A /* TipTipUITests.xctest */,
			);
			name = Products;
			sourceTree = "<group>";
		};
		4B89ED262022EB2C0069CA8A /* TipTip */ = {
			isa = PBXGroup;
			children = (
				4B89ED272022EB2C0069CA8A /* AppDelegate.swift */,
				4B89ED292022EB2C0069CA8A /* ViewController.swift */,
				4B89ED2B2022EB2C0069CA8A /* Main.storyboard */,
				4B89ED2E2022EB2C0069CA8A /* Assets.xcassets */,
				4B89ED302022EB2C0069CA8A /* LaunchScreen.storyboard */,
				4B89ED332022EB2C0069CA8A /* Info.plist */,
			);
			path = TipTip;
			sourceTree = "<group>";
		};
		4B89ED3B2022EB2C0069CA8A /* TipTipTests */ = {
			isa = PBXGroup;
			children = (
				4B89ED3C2022EB2C0069CA8A /* TipTipTests.swift */,
				4B89ED3E2022EB2C0069CA8A /* Info.plist */,
			);
			path = TipTipTests;
			sourceTree = "<group>";
		};
		4B89ED462022EB2C0069CA8A /* TipTipUITests */ = {
			isa = PBXGroup;
			children = (
				4B89ED472022EB2C0069CA8A /* TipTipUITests.swift */,
				4B89ED492022EB2C0069CA8A /* Info.plist */,
			);
			path = TipTipUITests;
			sourceTree = "<group>";
		};
/* End PBXGroup section */

/* Begin PBXNativeTarget section */
		4B89ED232022EB2C0069CA8A /* TipTip */ = {
			isa = PBXNativeTarget;
			buildConfigurationList = 4B89ED4C2022EB2C0069CA8A /* Build configuration list for PBXNativeTarget "TipTip" */;
			buildPhases = (
				4B89ED202022EB2C0069CA8A /* Sources */,
				4B89ED212022EB2C0069CA8A /* Frameworks */,
				4B89ED222022EB2C0069CA8A /* Resources */,
			);
			buildRules = (
			);
			dependencies = (
			);
			name = TipTip;
			productName = TipTip;
			productReference = 4B89ED242022EB2C0069CA8A /* TipTip.app */;
			productType = "com.apple.product-type.application";
		};
		4B89ED372022EB2C0069CA8A /* TipTipTests */ = {
			isa = PBXNativeTarget;
			buildConfigurationList = 4B89ED4F2022EB2C0069CA8A /* Build configuration list for PBXNativeTarget "TipTipTests" */;
			buildPhases = (
				4B89ED342022EB2C0069CA8A /* Sources */,
				4B89ED352022EB2C0069CA8A /* Frameworks */,
				4B89ED362022EB2C0069CA8A /* Resources */,
			);
			buildRules = (
			);
			dependencies = (
				4B89ED3A2022EB2C0069CA8A /* PBXTargetDependency */,
			);
			name = TipTipTests;
			productName = TipTipTests;
			productReference = 4B89ED382022EB2C0069CA8A /* TipTipTests.xctest */;
			productType = "com.apple.product-type.bundle.unit-test";
		};
		4B89ED422022EB2C0069CA8A /* TipTipUITests */ = {
			isa = PBXNativeTarget;
			buildConfigurationList = 4B89ED522022EB2C0069CA8A /* Build configuration list for PBXNativeTarget "TipTipUITests" */;
			buildPhases = (
				4B89ED3F2022EB2C0069CA8A /* Sources */,
				4B89ED402022EB2C0069CA8A /* Frameworks */,
				4B89ED412022EB2C0069CA8A /* Resources */,
			);
			buildRules = (
			);
			dependencies = (
				4B89ED452022EB2C0069CA8A /* PBXTargetDependency */,
			);
			name = TipTipUITests;
			productName = TipTipUITests;
			productReference = 4B89ED432022EB2C0069CA8A /* TipTipUITests.xctest */;
			productType = "com.apple.product-type.bundle.ui-testing";
		};
/* End PBXNativeTarget section */

/* Begin PBXProject section */
		4B89ED1C2022EB2C0069CA8A /* Project object */ = {
			isa = PBXProject;
			attributes = {
				LastSwiftUpdateCheck = 0920;
				LastUpgradeCheck = 0920;
				ORGANIZATIONNAME = "Samuel Raymond";
				TargetAttributes = {
					4B89ED232022EB2C0069CA8A = {
						CreatedOnToolsVersion = 9.2;
						ProvisioningStyle = Automatic;
					};
					4B89ED372022EB2C0069CA8A = {
						CreatedOnToolsVersion = 9.2;
						ProvisioningStyle = Automatic;
						TestTargetID = 4B89ED232022EB2C0069CA8A;
					};
					4B89ED422022EB2C0069CA8A = {
						CreatedOnToolsVersion = 9.2;
						ProvisioningStyle = Automatic;
						TestTargetID = 4B89ED232022EB2C0069CA8A;
					};
				};
			};
			buildConfigurationList = 4B89ED1F2022EB2C0069CA8A /* Build configuration list for PBXProject "TipTip" */;
			compatibilityVersion = "Xcode 8.0";
			developmentRegion = en;
			hasScannedForEncodings = 0;
			knownRegions = (
				en,
				Base,
			);
			mainGroup = 4B89ED1B2022EB2B0069CA8A;
			productRefGroup = 4B89ED252022EB2C0069CA8A /* Products */;
			projectDirPath = "";
			projectRoot = "";
			targets = (
				4B89ED232022EB2C0069CA8A /* TipTip */,
				4B89ED372022EB2C0069CA8A /* TipTipTests */,
				4B89ED422022EB2C0069CA8A /* TipTipUITests */,
			);
		};
/* End PBXProject section */

/* Begin PBXResourcesBuildPhase section */
		4B89ED222022EB2C0069CA8A /* Resources */ = {
			isa = PBXResourcesBuildPhase;
			buildActionMask = 2147483647;
			files = (
				4B89ED322022EB2C0069CA8A /* LaunchScreen.storyboard in Resources */,
				4B89ED2F2022EB2C0069CA8A /* Assets.xcassets in Resources */,
				4B89ED2D2022EB2C0069CA8A /* Main.storyboard in Resources */,
			);
			runOnlyForDeploymentPostprocessing = 0;
		};
		4B89ED362022EB2C0069CA8A /* Resources */ = {
			isa = PBXResourcesBuildPhase;
			buildActionMask = 2147483647;
			files = (
			);
			runOnlyForDeploymentPostprocessing = 0;
		};
		4B89ED412022EB2C0069CA8A /* Resources */ = {
			isa = PBXResourcesBuildPhase;
			buildActionMask = 2147483647;
			files = (
			);
			runOnlyForDeploymentPostprocessing = 0;
		};
/* End PBXResourcesBuildPhase section */

/* Begin PBXSourcesBuildPhase section */
		4B89ED202022EB2C0069CA8A /* Sources */ = {
			isa = PBXSourcesBuildPhase;
			buildActionMask = 2147483647;
			files = (
				4B89ED2A2022EB2C0069CA8A /* ViewController.swift in Sources */,
				4B89ED282022EB2C0069CA8A /* AppDelegate.swift in Sources */,
			);
			runOnlyForDeploymentPostprocessing = 0;
		};
		4B89ED342022EB2C0069CA8A /* Sources */ = {
			isa = PBXSourcesBuildPhase;
			buildActionMask = 2147483647;
			files = (
				4B89ED3D2022EB2C0069CA8A /* TipTipTests.swift in Sources */,
			);
			runOnlyForDeploymentPostprocessing = 0;
		};
		4B89ED3F2022EB2C0069CA8A /* Sources */ = {
			isa = PBXSourcesBuildPhase;
			buildActionMask = 2147483647;
			files = (
				4B89ED482022EB2C0069CA8A /* TipTipUITests.swift in Sources */,
			);
			runOnlyForDeploymentPostprocessing = 0;
		};
/* End PBXSourcesBuildPhase section */

/* Begin PBXTargetDependency section */
		4B89ED3A2022EB2C0069CA8A /* PBXTargetDependency */ = {
			isa = PBXTargetDependency;
			target = 4B89ED232022EB2C0069CA8A /* TipTip */;
			targetProxy = 4B89ED392022EB2C0069CA8A /* PBXContainerItemProxy */;
		};
		4B89ED452022EB2C0069CA8A /* PBXTargetDependency */ = {
			isa = PBXTargetDependency;
			target = 4B89ED232022EB2C0069CA8A /* TipTip */;
			targetProxy = 4B89ED442022EB2C0069CA8A /* PBXContainerItemProxy */;
		};
/* End PBXTargetDependency section */

/* Begin PBXVariantGroup section */
		4B89ED2B2022EB2C0069CA8A /* Main.storyboard */ = {
			isa = PBXVariantGroup;
			children = (
				4B89ED2C2022EB2C0069CA8A /* Base */,
			);
			name = Main.storyboard;
			sourceTree = "<group>";
		};
		4B89ED302022EB2C0069CA8A /* LaunchScreen.storyboard */ = {
			isa = PBXVariantGroup;
			children = (
				4B89ED312022EB2C0069CA8A /* Base */,
			);
			name = LaunchScreen.storyboard;
			sourceTree = "<group>";
		};
/* End PBXVariantGroup section */

/* Begin XCBuildConfiguration section */
		4B89ED4A2022EB2C0069CA8A /* Debug */ = {
			isa = XCBuildConfiguration;
			buildSettings = {
				ALWAYS_SEARCH_USER_PATHS = NO;
				CLANG_ANALYZER_NONNULL = YES;
				CLANG_ANALYZER_NUMBER_OBJECT_CONVERSION = YES_AGGRESSIVE;
				CLANG_CXX_LANGUAGE_STANDARD = "gnu++14";
				CLANG_CXX_LIBRARY = "libc++";
				CLANG_ENABLE_MODULES = YES;
				CLANG_ENABLE_OBJC_ARC = YES;
				CLANG_WARN_BLOCK_CAPTURE_AUTORELEASING = YES;
				CLANG_WARN_BOOL_CONVERSION = YES;
				CLANG_WARN_COMMA = YES;
				CLANG_WARN_CONSTANT_CONVERSION = YES;
				CLANG_WARN_DIRECT_OBJC_ISA_USAGE = YES_ERROR;
				CLANG_WARN_DOCUMENTATION_COMMENTS = YES;
				CLANG_WARN_EMPTY_BODY = YES;
				CLANG_WARN_ENUM_CONVERSION = YES;
				CLANG_WARN_INFINITE_RECURSION = YES;
				CLANG_WARN_INT_CONVERSION = YES;
				CLANG_WARN_NON_LITERAL_NULL_CONVERSION = YES;
				CLANG_WARN_OBJC_LITERAL_CONVERSION = YES;
				CLANG_WARN_OBJC_ROOT_CLASS = YES_ERROR;
				CLANG_WARN_RANGE_LOOP_ANALYSIS = YES;
				CLANG_WARN_STRICT_PROTOTYPES = YES;
				CLANG_WARN_SUSPICIOUS_MOVE = YES;
				CLANG_WARN_UNGUARDED_AVAILABILITY = YES_AGGRESSIVE;
				CLANG_WARN_UNREACHABLE_CODE = YES;
				CLANG_WARN__DUPLICATE_METHOD_MATCH = YES;
				CODE_SIGN_IDENTITY = "iPhone Developer";
				COPY_PHASE_STRIP = NO;
				DEBUG_INFORMATION_FORMAT = dwarf;
				ENABLE_STRICT_OBJC_MSGSEND = YES;
				ENABLE_TESTABILITY = YES;
				GCC_C_LANGUAGE_STANDARD = gnu11;
				GCC_DYNAMIC_NO_PIC = NO;
				GCC_NO_COMMON_BLOCKS = YES;
				GCC_OPTIMIZATION_LEVEL = 0;
				GCC_PREPROCESSOR_DEFINITIONS = (
					"DEBUG=1",
					"$(inherited)",
				);
				GCC_WARN_64_TO_32_BIT_CONVERSION = YES;
				GCC_WARN_ABOUT_RETURN_TYPE = YES_ERROR;
				GCC_WARN_UNDECLARED_SELECTOR = YES;
				GCC_WARN_UNINITIALIZED_AUTOS = YES_AGGRESSIVE;
				GCC_WARN_UNUSED_FUNCTION = YES;
				GCC_WARN_UNUSED_VARIABLE = YES;
				IPHONEOS_DEPLOYMENT_TARGET = 11.2;
				MTL_ENABLE_DEBUG_INFO = YES;
				ONLY_ACTIVE_ARCH = YES;
				SDKROOT = iphoneos;
				SWIFT_ACTIVE_COMPILATION_CONDITIONS = DEBUG;
				SWIFT_OPTIMIZATION_LEVEL = "-Onone";
			};
			name = Debug;
		};
		4B89ED4B2022EB2C0069CA8A /* Release */ = {
			isa = XCBuildConfiguration;
			buildSettings = {
				ALWAYS_SEARCH_USER_PATHS = NO;
				CLANG_ANALYZER_NONNULL = YES;
				CLANG_ANALYZER_NUMBER_OBJECT_CONVERSION = YES_AGGRESSIVE;
				CLANG_CXX_LANGUAGE_STANDARD = "gnu++14";
				CLANG_CXX_LIBRARY = "libc++";
				CLANG_ENABLE_MODULES = YES;
				CLANG_ENABLE_OBJC_ARC = YES;
				CLANG_WARN_BLOCK_CAPTURE_AUTORELEASING = YES;
				CLANG_WARN_BOOL_CONVERSION = YES;
				CLANG_WARN_COMMA = YES;
				CLANG_WARN_CONSTANT_CONVERSION = YES;
				CLANG_WARN_DIRECT_OBJC_ISA_USAGE = YES_ERROR;
				CLANG_WARN_DOCUMENTATION_COMMENTS = YES;
				CLANG_WARN_EMPTY_BODY = YES;
				CLANG_WARN_ENUM_CONVERSION = YES;
				CLANG_WARN_INFINITE_RECURSION = YES;
				CLANG_WARN_INT_CONVERSION = YES;
				CLANG_WARN_NON_LITERAL_NULL_CONVERSION = YES;
				CLANG_WARN_OBJC_LITERAL_CONVERSION = YES;
				CLANG_WARN_OBJC_ROOT_CLASS = YES_ERROR;
				CLANG_WARN_RANGE_LOOP_ANALYSIS = YES;
				CLANG_WARN_STRICT_PROTOTYPES = YES;
				CLANG_WARN_SUSPICIOUS_MOVE = YES;
				CLANG_WARN_UNGUARDED_AVAILABILITY = YES_AGGRESSIVE;
				CLANG_WARN_UNREACHABLE_CODE = YES;
				CLANG_WARN__DUPLICATE_METHOD_MATCH = YES;
				CODE_SIGN_IDENTITY = "iPhone Developer";
				COPY_PHASE_STRIP = NO;
				DEBUG_INFORMATION_FORMAT = "dwarf-with-dsym";
				ENABLE_NS_ASSERTIONS = NO;
				ENABLE_STRICT_OBJC_MSGSEND = YES;
				GCC_C_LANGUAGE_STANDARD = gnu11;
				GCC_NO_COMMON_BLOCKS = YES;
				GCC_WARN_64_TO_32_BIT_CONVERSION = YES;
				GCC_WARN_ABOUT_RETURN_TYPE = YES_ERROR;
				GCC_WARN_UNDECLARED_SELECTOR = YES;
				GCC_WARN_UNINITIALIZED_AUTOS = YES_AGGRESSIVE;
				GCC_WARN_UNUSED_FUNCTION = YES;
				GCC_WARN_UNUSED_VARIABLE = YES;
				IPHONEOS_DEPLOYMENT_TARGET = 11.2;
				MTL_ENABLE_DEBUG_INFO = NO;
				SDKROOT = iphoneos;
				SWIFT_OPTIMIZATION_LEVEL = "-Owholemodule";
				VALIDATE_PRODUCT = YES;
			};
			name = Release;
		};
		4B89ED4D2022EB2C0069CA8A /* Debug */ = {
			isa = XCBuildConfiguration;
			buildSettings = {
				ASSETCATALOG_COMPILER_APPICON_NAME = AppIcon;
				CODE_SIGN_STYLE = Automatic;
				INFOPLIST_FILE = TipTip/Info.plist;
				LD_RUNPATH_SEARCH_PATHS = "$(inherited) @executable_path/Frameworks";
				PRODUCT_BUNDLE_IDENTIFIER = Sam.TipTip;
				PRODUCT_NAME = "$(TARGET_NAME)";
				SWIFT_VERSION = 4.0;
				TARGETED_DEVICE_FAMILY = 1;
			};
			name = Debug;
		};
		4B89ED4E2022EB2C0069CA8A /* Release */ = {
			isa = XCBuildConfiguration;
			buildSettings = {
				ASSETCATALOG_COMPILER_APPICON_NAME = AppIcon;
				CODE_SIGN_STYLE = Automatic;
				INFOPLIST_FILE = TipTip/Info.plist;
				LD_RUNPATH_SEARCH_PATHS = "$(inherited) @executable_path/Frameworks";
				PRODUCT_BUNDLE_IDENTIFIER = Sam.TipTip;
				PRODUCT_NAME = "$(TARGET_NAME)";
				SWIFT_VERSION = 4.0;
				TARGETED_DEVICE_FAMILY = 1;
			};
			name = Release;
		};
		4B89ED502022EB2C0069CA8A /* Debug */ = {
			isa = XCBuildConfiguration;
			buildSettings = {
				ALWAYS_EMBED_SWIFT_STANDARD_LIBRARIES = YES;
				BUNDLE_LOADER = "$(TEST_HOST)";
				CODE_SIGN_STYLE = Automatic;
				INFOPLIST_FILE = TipTipTests/Info.plist;
				LD_RUNPATH_SEARCH_PATHS = "$(inherited) @executable_path/Frameworks @loader_path/Frameworks";
				PRODUCT_BUNDLE_IDENTIFIER = Sam.TipTipTests;
				PRODUCT_NAME = "$(TARGET_NAME)";
				SWIFT_VERSION = 4.0;
				TARGETED_DEVICE_FAMILY = "1,2";
				TEST_HOST = "$(BUILT_PRODUCTS_DIR)/TipTip.app/TipTip";
			};
			name = Debug;
		};
		4B89ED512022EB2C0069CA8A /* Release */ = {
			isa = XCBuildConfiguration;
			buildSettings = {
				ALWAYS_EMBED_SWIFT_STANDARD_LIBRARIES = YES;
				BUNDLE_LOADER = "$(TEST_HOST)";
				CODE_SIGN_STYLE = Automatic;
				INFOPLIST_FILE = TipTipTests/Info.plist;
				LD_RUNPATH_SEARCH_PATHS = "$(inherited) @executable_path/Frameworks @loader_path/Frameworks";
				PRODUCT_BUNDLE_IDENTIFIER = Sam.TipTipTests;
				PRODUCT_NAME = "$(TARGET_NAME)";
				SWIFT_VERSION = 4.0;
				TARGETED_DEVICE_FAMILY = "1,2";
				TEST_HOST = "$(BUILT_PRODUCTS_DIR)/TipTip.app/TipTip";
			};
			name = Release;
		};
		4B89ED532022EB2C0069CA8A /* Debug */ = {
			isa = XCBuildConfiguration;
			buildSettings = {
				ALWAYS_EMBED_SWIFT_STANDARD_LIBRARIES = YES;
				CODE_SIGN_STYLE = Automatic;
				INFOPLIST_FILE = TipTipUITests/Info.plist;
				LD_RUNPATH_SEARCH_PATHS = "$(inherited) @executable_path/Frameworks @loader_path/Frameworks";
				PRODUCT_BUNDLE_IDENTIFIER = Sam.TipTipUITests;
				PRODUCT_NAME = "$(TARGET_NAME)";
				SWIFT_VERSION = 4.0;
				TARGETED_DEVICE_FAMILY = "1,2";
				TEST_TARGET_NAME = TipTip;
			};
			name = Debug;
		};
		4B89ED542022EB2C0069CA8A /* Release */ = {
			isa = XCBuildConfiguration;
			buildSettings = {
				ALWAYS_EMBED_SWIFT_STANDARD_LIBRARIES = YES;
				CODE_SIGN_STYLE = Automatic;
				INFOPLIST_FILE = TipTipUITests/Info.plist;
				LD_RUNPATH_SEARCH_PATHS = "$(inherited) @executable_path/Frameworks @loader_path/Frameworks";
				PRODUCT_BUNDLE_IDENTIFIER = Sam.TipTipUITests;
				PRODUCT_NAME = "$(TARGET_NAME)";
				SWIFT_VERSION = 4.0;
				TARGETED_DEVICE_FAMILY = "1,2";
				TEST_TARGET_NAME = TipTip;
			};
			name = Release;
		};
/* End XCBuildConfiguration section */

/* Begin XCConfigurationList section */
		4B89ED1F2022EB2C0069CA8A /* Build configuration list for PBXProject "TipTip" */ = {
			isa = XCConfigurationList;
			buildConfigurations = (
				4B89ED4A2022EB2C0069CA8A /* Debug */,
				4B89ED4B2022EB2C0069CA8A /* Release */,
			);
			defaultConfigurationIsVisible = 0;
			defaultConfigurationName = Release;
		};
		4B89ED4C2022EB2C0069CA8A /* Build configuration list for PBXNativeTarget "TipTip" */ = {
			isa = XCConfigurationList;
			buildConfigurations = (
				4B89ED4D2022EB2C0069CA8A /* Debug */,
				4B89ED4E2022EB2C0069CA8A /* Release */,
			);
			defaultConfigurationIsVisible = 0;
			defaultConfigurationName = Release;
		};
		4B89ED4F2022EB2C0069CA8A /* Build configuration list for PBXNativeTarget "TipTipTests" */ = {
			isa = XCConfigurationList;
			buildConfigurations = (
				4B89ED502022EB2C0069CA8A /* Debug */,
				4B89ED512022EB2C0069CA8A /* Release */,
			);
			defaultConfigurationIsVisible = 0;
			defaultConfigurationName = Release;
		};
		4B89ED522022EB2C0069CA8A /* Build configuration list for PBXNativeTarget "TipTipUITests" */ = {
			isa = XCConfigurationList;
			buildConfigurations = (
				4B89ED532022EB2C0069CA8A /* Debug */,
				4B89ED542022EB2C0069CA8A /* Release */,
			);
			defaultConfigurationIsVisible = 0;
			defaultConfigurationName = Release;
		};
/* End XCConfigurationList section */
	};
	rootObject = 4B89ED1C2022EB2C0069CA8A /* Project object */;
}
